
Microsoft Visual Studio Solution File, Format Version 12.00
# Visual Studio 15
VisualStudioVersion = 15.0.27130.2036
MinimumVisualStudioVersion = 10.0.40219.1
Project("{FAE04EC0-301F-11D3-BF4B-00C04F79EFBC}") = "SuccessiveTechMiniProject", "SuccessiveTechMiniProject\SuccessiveTechMiniProject.csproj", "{C2CCAABB-3E90-4C71-B6FF-984C53605908}"
EndProject
Project("{FAE04EC0-301F-11D3-BF4B-00C04F79EFBC}") = "SuccessiveTechiniProject.WebAPI", "SuccessiveTechiniProject.WebAPI\SuccessiveTechiniProject.WebAPI.csproj", "{267D15FB-6333-46E2-B85E-A3A272A4CA7F}"
EndProject
Global
	GlobalSection(SolutionConfigurationPlatforms) = preSolution
		Debug|Any CPU = Debug|Any CPU
		Release|Any CPU = Release|Any CPU
	EndGlobalSection
	GlobalSection(ProjectConfigurationPlatforms) = postSolution
		{C2CCAABB-3E90-4C71-B6FF-984C53605908}.Debug|Any CPU.ActiveCfg = Debug|Any CPU
		{C2CCAABB-3E90-4C71-B6FF-984C53605908}.Debug|Any CPU.Build.0 = Debug|Any CPU
		{C2CCAABB-3E90-4C71-B6FF-984C53605908}.Release|Any CPU.ActiveCfg = Release|Any CPU
		{C2CCAABB-3E90-4C71-B6FF-984C53605908}.Release|Any CPU.Build.0 = Release|Any CPU
		{267D15FB-6333-46E2-B85E-A3A272A4CA7F}.Debug|Any CPU.ActiveCfg = Debug|Any CPU
		{267D15FB-6333-46E2-B85E-A3A272A4CA7F}.Debug|Any CPU.Build.0 = Debug|Any CPU
		{267D15FB-6333-46E2-B85E-A3A272A4CA7F}.Release|Any CPU.ActiveCfg = Release|Any CPU
		{267D15FB-6333-46E2-B85E-A3A272A4CA7F}.Release|Any CPU.Build.0 = Release|Any CPU
	EndGlobalSection
	GlobalSection(SolutionProperties) = preSolution
		HideSolutionNode = FALSE
	EndGlobalSection
	GlobalSection(ExtensibilityGlobals) = postSolution
		SolutionGuid = {AD9E401B-D29D-4164-8373-1B7696388D9C}
	EndGlobalSection
EndGlobal
